
Microsoft Visual Studio Solution File, Format Version 12.00
# Visual Studio 15
VisualStudioVersion = 15.0.27004.2010
MinimumVisualStudioVersion = 10.0.40219.1
Project("{FAE04EC0-301F-11D3-BF4B-00C04F79EFBC}") = "WpfOpenDataBerlin", "WpfOpenDataBerlin\WpfOpenDataBerlin.csproj", "{03057DFB-6ADB-4AA1-AB51-A429811ADACD}"
EndProject
Global
	GlobalSection(SolutionConfigurationPlatforms) = preSolution
		Debug|Any CPU = Debug|Any CPU
		Release|Any CPU = Release|Any CPU
	EndGlobalSection
	GlobalSection(ProjectConfigurationPlatforms) = postSolution
		{03057DFB-6ADB-4AA1-AB51-A429811ADACD}.Debug|Any CPU.ActiveCfg = Debug|Any CPU
		{03057DFB-6ADB-4AA1-AB51-A429811ADACD}.Debug|Any CPU.Build.0 = Debug|Any CPU
		{03057DFB-6ADB-4AA1-AB51-A429811ADACD}.Release|Any CPU.ActiveCfg = Release|Any CPU
		{03057DFB-6ADB-4AA1-AB51-A429811ADACD}.Release|Any CPU.Build.0 = Release|Any CPU
	EndGlobalSection
	GlobalSection(SolutionProperties) = preSolution
		HideSolutionNode = FALSE
	EndGlobalSection
	GlobalSection(ExtensibilityGlobals) = postSolution
		SolutionGuid = {21E2810A-140B-4CD4-82DA-EBA7B592CE12}
	EndGlobalSection
EndGlobal
